
Microsoft Visual Studio Solution File, Format Version 12.00
# Visual Studio Version 16
VisualStudioVersion = 16.0.30413.136
MinimumVisualStudioVersion = 10.0.40219.1
Project("{FAE04EC0-301F-11D3-BF4B-00C04F79EFBC}") = "TeniskiTurniriDAO", "TeniskiTurniri\TeniskiTurniriDAO.csproj", "{24D4DEE7-8E1E-4011-BC75-20665FB3A069}"
EndProject
Project("{FAE04EC0-301F-11D3-BF4B-00C04F79EFBC}") = "TeniskiTurniriUI", "TeniskiTurniriUI\TeniskiTurniriUI.csproj", "{4C701042-FF42-4536-BD8F-A2014ED826D4}"
EndProject
Global
	GlobalSection(SolutionConfigurationPlatforms) = preSolution
		Debug|Any CPU = Debug|Any CPU
		Release|Any CPU = Release|Any CPU
	EndGlobalSection
	GlobalSection(ProjectConfigurationPlatforms) = postSolution
		{24D4DEE7-8E1E-4011-BC75-20665FB3A069}.Debug|Any CPU.ActiveCfg = Debug|Any CPU
		{24D4DEE7-8E1E-4011-BC75-20665FB3A069}.Debug|Any CPU.Build.0 = Debug|Any CPU
		{24D4DEE7-8E1E-4011-BC75-20665FB3A069}.Release|Any CPU.ActiveCfg = Release|Any CPU
		{24D4DEE7-8E1E-4011-BC75-20665FB3A069}.Release|Any CPU.Build.0 = Release|Any CPU
		{4C701042-FF42-4536-BD8F-A2014ED826D4}.Debug|Any CPU.ActiveCfg = Debug|Any CPU
		{4C701042-FF42-4536-BD8F-A2014ED826D4}.Debug|Any CPU.Build.0 = Debug|Any CPU
		{4C701042-FF42-4536-BD8F-A2014ED826D4}.Release|Any CPU.ActiveCfg = Release|Any CPU
		{4C701042-FF42-4536-BD8F-A2014ED826D4}.Release|Any CPU.Build.0 = Release|Any CPU
	EndGlobalSection
	GlobalSection(SolutionProperties) = preSolution
		HideSolutionNode = FALSE
	EndGlobalSection
	GlobalSection(ExtensibilityGlobals) = postSolution
		SolutionGuid = {3AEF7601-4389-4E21-B692-08DC313CE278}
	EndGlobalSection
EndGlobal
